
Microsoft Visual Studio Solution File, Format Version 12.00
# Visual Studio Version 17
VisualStudioVersion = 17.1.32319.34
MinimumVisualStudioVersion = 10.0.40219.1
Project("{2150E333-8FDC-42A3-9474-1A3956D46DE8}") = "src", "src", "{9B0A7BB9-BFB4-481A-811A-2196E32E1402}"
EndProject
Project("{2150E333-8FDC-42A3-9474-1A3956D46DE8}") = "Core", "Core", "{F7AB72F3-8429-459B-960C-C211685450AD}"
EndProject
Project("{2150E333-8FDC-42A3-9474-1A3956D46DE8}") = "Infraestructure", "Infraestructure", "{21A56A37-D820-4564-9CD6-142A1FF111E7}"
EndProject
Project("{2150E333-8FDC-42A3-9474-1A3956D46DE8}") = "Presentation", "Presentation", "{5AAEA939-14EB-4890-83A5-9C5F346D6358}"
EndProject
Project("{FAE04EC0-301F-11D3-BF4B-00C04F79EFBC}") = "Application", "Application\Application.csproj", "{A4EB0652-75FC-481D-AF29-D26753D00166}"
EndProject
Project("{FAE04EC0-301F-11D3-BF4B-00C04F79EFBC}") = "Domain", "Domain\Domain.csproj", "{80F40C37-7077-49BB-9A56-0C2158446526}"
EndProject
Project("{FAE04EC0-301F-11D3-BF4B-00C04F79EFBC}") = "Persistence", "Persistence\Persistence.csproj", "{1B3EAF4F-8EBC-48FC-BAFB-D439C6B3AE71}"
EndProject
Project("{FAE04EC0-301F-11D3-BF4B-00C04F79EFBC}") = "Shared", "Shared\Shared.csproj", "{97186AC0-C716-4053-863D-3CE1BEC02E48}"
EndProject
Project("{FAE04EC0-301F-11D3-BF4B-00C04F79EFBC}") = "WebAPI", "WebAPI\WebAPI.csproj", "{C2A3A804-BC59-4258-AE2A-73075920120D}"
EndProject
Global
	GlobalSection(SolutionConfigurationPlatforms) = preSolution
		Debug|Any CPU = Debug|Any CPU
		Release|Any CPU = Release|Any CPU
	EndGlobalSection
	GlobalSection(ProjectConfigurationPlatforms) = postSolution
		{A4EB0652-75FC-481D-AF29-D26753D00166}.Debug|Any CPU.ActiveCfg = Debug|Any CPU
		{A4EB0652-75FC-481D-AF29-D26753D00166}.Debug|Any CPU.Build.0 = Debug|Any CPU
		{A4EB0652-75FC-481D-AF29-D26753D00166}.Release|Any CPU.ActiveCfg = Release|Any CPU
		{A4EB0652-75FC-481D-AF29-D26753D00166}.Release|Any CPU.Build.0 = Release|Any CPU
		{80F40C37-7077-49BB-9A56-0C2158446526}.Debug|Any CPU.ActiveCfg = Debug|Any CPU
		{80F40C37-7077-49BB-9A56-0C2158446526}.Debug|Any CPU.Build.0 = Debug|Any CPU
		{80F40C37-7077-49BB-9A56-0C2158446526}.Release|Any CPU.ActiveCfg = Release|Any CPU
		{80F40C37-7077-49BB-9A56-0C2158446526}.Release|Any CPU.Build.0 = Release|Any CPU
		{1B3EAF4F-8EBC-48FC-BAFB-D439C6B3AE71}.Debug|Any CPU.ActiveCfg = Debug|Any CPU
		{1B3EAF4F-8EBC-48FC-BAFB-D439C6B3AE71}.Debug|Any CPU.Build.0 = Debug|Any CPU
		{1B3EAF4F-8EBC-48FC-BAFB-D439C6B3AE71}.Release|Any CPU.ActiveCfg = Release|Any CPU
		{1B3EAF4F-8EBC-48FC-BAFB-D439C6B3AE71}.Release|Any CPU.Build.0 = Release|Any CPU
		{97186AC0-C716-4053-863D-3CE1BEC02E48}.Debug|Any CPU.ActiveCfg = Debug|Any CPU
		{97186AC0-C716-4053-863D-3CE1BEC02E48}.Debug|Any CPU.Build.0 = Debug|Any CPU
		{97186AC0-C716-4053-863D-3CE1BEC02E48}.Release|Any CPU.ActiveCfg = Release|Any CPU
		{97186AC0-C716-4053-863D-3CE1BEC02E48}.Release|Any CPU.Build.0 = Release|Any CPU
		{C2A3A804-BC59-4258-AE2A-73075920120D}.Debug|Any CPU.ActiveCfg = Debug|Any CPU
		{C2A3A804-BC59-4258-AE2A-73075920120D}.Debug|Any CPU.Build.0 = Debug|Any CPU
		{C2A3A804-BC59-4258-AE2A-73075920120D}.Release|Any CPU.ActiveCfg = Release|Any CPU
		{C2A3A804-BC59-4258-AE2A-73075920120D}.Release|Any CPU.Build.0 = Release|Any CPU
	EndGlobalSection
	GlobalSection(SolutionProperties) = preSolution
		HideSolutionNode = FALSE
	EndGlobalSection
	GlobalSection(NestedProjects) = preSolution
		{F7AB72F3-8429-459B-960C-C211685450AD} = {9B0A7BB9-BFB4-481A-811A-2196E32E1402}
		{21A56A37-D820-4564-9CD6-142A1FF111E7} = {9B0A7BB9-BFB4-481A-811A-2196E32E1402}
		{5AAEA939-14EB-4890-83A5-9C5F346D6358} = {9B0A7BB9-BFB4-481A-811A-2196E32E1402}
		{A4EB0652-75FC-481D-AF29-D26753D00166} = {F7AB72F3-8429-459B-960C-C211685450AD}
		{80F40C37-7077-49BB-9A56-0C2158446526} = {F7AB72F3-8429-459B-960C-C211685450AD}
		{1B3EAF4F-8EBC-48FC-BAFB-D439C6B3AE71} = {21A56A37-D820-4564-9CD6-142A1FF111E7}
		{97186AC0-C716-4053-863D-3CE1BEC02E48} = {21A56A37-D820-4564-9CD6-142A1FF111E7}
		{C2A3A804-BC59-4258-AE2A-73075920120D} = {5AAEA939-14EB-4890-83A5-9C5F346D6358}
	EndGlobalSection
	GlobalSection(ExtensibilityGlobals) = postSolution
		SolutionGuid = {2AE021F8-0E4C-4D44-B4E6-38E7026FF67A}
	EndGlobalSection
EndGlobal
